
Microsoft Visual Studio Solution File, Format Version 12.00
# Visual Studio Version 18
VisualStudioVersion = 18.3.11218.70 d18.3
MinimumVisualStudioVersion = 10.0.40219.1
Project("{FAE04EC0-301F-11D3-BF4B-00C04F79EFBC}") = "FU_House_Finder_Auth", "FU_House_Finder_Auth.csproj", "{3597A672-0878-F659-7F94-1A30C19BEC75}"
EndProject
Global
	GlobalSection(SolutionConfigurationPlatforms) = preSolution
		Debug|Any CPU = Debug|Any CPU
		Release|Any CPU = Release|Any CPU
	EndGlobalSection
	GlobalSection(ProjectConfigurationPlatforms) = postSolution
		{3597A672-0878-F659-7F94-1A30C19BEC75}.Debug|Any CPU.ActiveCfg = Debug|Any CPU
		{3597A672-0878-F659-7F94-1A30C19BEC75}.Debug|Any CPU.Build.0 = Debug|Any CPU
		{3597A672-0878-F659-7F94-1A30C19BEC75}.Release|Any CPU.ActiveCfg = Release|Any CPU
		{3597A672-0878-F659-7F94-1A30C19BEC75}.Release|Any CPU.Build.0 = Release|Any CPU
	EndGlobalSection
	GlobalSection(SolutionProperties) = preSolution
		HideSolutionNode = FALSE
	EndGlobalSection
	GlobalSection(ExtensibilityGlobals) = postSolution
		SolutionGuid = {01BCC79C-DB1B-447F-A18E-EA9217D4D414}
	EndGlobalSection
EndGlobal
